
Microsoft Visual Studio Solution File, Format Version 12.00
# Visual Studio Version 17
VisualStudioVersion = 17.5.33424.131
MinimumVisualStudioVersion = 10.0.40219.1
Project("{FAE04EC0-301F-11D3-BF4B-00C04F79EFBC}") = "SystemHW7", "SystemHW7\SystemHW7.csproj", "{89552826-230B-41D1-B785-7FE7C97F10E0}"
EndProject
Global
	GlobalSection(SolutionConfigurationPlatforms) = preSolution
		Debug|Any CPU = Debug|Any CPU
		Release|Any CPU = Release|Any CPU
	EndGlobalSection
	GlobalSection(ProjectConfigurationPlatforms) = postSolution
		{89552826-230B-41D1-B785-7FE7C97F10E0}.Debug|Any CPU.ActiveCfg = Debug|Any CPU
		{89552826-230B-41D1-B785-7FE7C97F10E0}.Debug|Any CPU.Build.0 = Debug|Any CPU
		{89552826-230B-41D1-B785-7FE7C97F10E0}.Release|Any CPU.ActiveCfg = Release|Any CPU
		{89552826-230B-41D1-B785-7FE7C97F10E0}.Release|Any CPU.Build.0 = Release|Any CPU
	EndGlobalSection
	GlobalSection(SolutionProperties) = preSolution
		HideSolutionNode = FALSE
	EndGlobalSection
	GlobalSection(ExtensibilityGlobals) = postSolution
		SolutionGuid = {AFEDC420-3749-4288-8AB2-927DB64A86ED}
	EndGlobalSection
EndGlobal
